
Microsoft Visual Studio Solution File, Format Version 12.00
# Visual Studio Version 17
VisualStudioVersion = 17.14.36616.10 d17.14
MinimumVisualStudioVersion = 10.0.40219.1
Project("{8BC9CEB8-8B4A-11D0-8D11-00A0C91BC942}") = "report3 문제4", "report3 문제4\report3 문제4.vcxproj", "{4B831CAE-3BD6-4CB7-A176-EFAE46AE0136}"
EndProject
Global
	GlobalSection(SolutionConfigurationPlatforms) = preSolution
		Debug|x64 = Debug|x64
		Debug|x86 = Debug|x86
		Release|x64 = Release|x64
		Release|x86 = Release|x86
	EndGlobalSection
	GlobalSection(ProjectConfigurationPlatforms) = postSolution
		{4B831CAE-3BD6-4CB7-A176-EFAE46AE0136}.Debug|x64.ActiveCfg = Debug|x64
		{4B831CAE-3BD6-4CB7-A176-EFAE46AE0136}.Debug|x64.Build.0 = Debug|x64
		{4B831CAE-3BD6-4CB7-A176-EFAE46AE0136}.Debug|x86.ActiveCfg = Debug|Win32
		{4B831CAE-3BD6-4CB7-A176-EFAE46AE0136}.Debug|x86.Build.0 = Debug|Win32
		{4B831CAE-3BD6-4CB7-A176-EFAE46AE0136}.Release|x64.ActiveCfg = Release|x64
		{4B831CAE-3BD6-4CB7-A176-EFAE46AE0136}.Release|x64.Build.0 = Release|x64
		{4B831CAE-3BD6-4CB7-A176-EFAE46AE0136}.Release|x86.ActiveCfg = Release|Win32
		{4B831CAE-3BD6-4CB7-A176-EFAE46AE0136}.Release|x86.Build.0 = Release|Win32
	EndGlobalSection
	GlobalSection(SolutionProperties) = preSolution
		HideSolutionNode = FALSE
	EndGlobalSection
	GlobalSection(ExtensibilityGlobals) = postSolution
		SolutionGuid = {40C2FC9C-E020-44C9-B892-F3DD22B68C2E}
	EndGlobalSection
EndGlobal
