
Microsoft Visual Studio Solution File, Format Version 12.00
# Visual Studio Version 17
VisualStudioVersion = 17.14.36616.10 d17.14
MinimumVisualStudioVersion = 10.0.40219.1
Project("{8BC9CEB8-8B4A-11D0-8D11-00A0C91BC942}") = "report1", "report1\report1.vcxproj", "{DA271A6C-4FB6-4E41-BD42-13AA3BFBBDC7}"
EndProject
Global
	GlobalSection(SolutionConfigurationPlatforms) = preSolution
		Debug|x64 = Debug|x64
		Debug|x86 = Debug|x86
		Release|x64 = Release|x64
		Release|x86 = Release|x86
	EndGlobalSection
	GlobalSection(ProjectConfigurationPlatforms) = postSolution
		{DA271A6C-4FB6-4E41-BD42-13AA3BFBBDC7}.Debug|x64.ActiveCfg = Debug|x64
		{DA271A6C-4FB6-4E41-BD42-13AA3BFBBDC7}.Debug|x64.Build.0 = Debug|x64
		{DA271A6C-4FB6-4E41-BD42-13AA3BFBBDC7}.Debug|x86.ActiveCfg = Debug|Win32
		{DA271A6C-4FB6-4E41-BD42-13AA3BFBBDC7}.Debug|x86.Build.0 = Debug|Win32
		{DA271A6C-4FB6-4E41-BD42-13AA3BFBBDC7}.Release|x64.ActiveCfg = Release|x64
		{DA271A6C-4FB6-4E41-BD42-13AA3BFBBDC7}.Release|x64.Build.0 = Release|x64
		{DA271A6C-4FB6-4E41-BD42-13AA3BFBBDC7}.Release|x86.ActiveCfg = Release|Win32
		{DA271A6C-4FB6-4E41-BD42-13AA3BFBBDC7}.Release|x86.Build.0 = Release|Win32
	EndGlobalSection
	GlobalSection(SolutionProperties) = preSolution
		HideSolutionNode = FALSE
	EndGlobalSection
	GlobalSection(ExtensibilityGlobals) = postSolution
		SolutionGuid = {09CEE376-5972-4A29-B417-AB887F0D36A4}
	EndGlobalSection
EndGlobal
